
Microsoft Visual Studio Solution File, Format Version 12.00
# Visual Studio Version 17
VisualStudioVersion = 17.2.32630.192
MinimumVisualStudioVersion = 10.0.40219.1
Project("{F184B08F-C81C-45F6-A57F-5ABD9991F28F}") = "Musicboxd", "Intento2\Musicboxd.vbproj", "{CB951ECE-E4D3-4E67-B101-894A7953D2C4}"
EndProject
Global
	GlobalSection(SolutionConfigurationPlatforms) = preSolution
		Debug|Any CPU = Debug|Any CPU
		Release|Any CPU = Release|Any CPU
	EndGlobalSection
	GlobalSection(ProjectConfigurationPlatforms) = postSolution
		{CB951ECE-E4D3-4E67-B101-894A7953D2C4}.Debug|Any CPU.ActiveCfg = Debug|Any CPU
		{CB951ECE-E4D3-4E67-B101-894A7953D2C4}.Debug|Any CPU.Build.0 = Debug|Any CPU
		{CB951ECE-E4D3-4E67-B101-894A7953D2C4}.Release|Any CPU.ActiveCfg = Release|Any CPU
		{CB951ECE-E4D3-4E67-B101-894A7953D2C4}.Release|Any CPU.Build.0 = Release|Any CPU
	EndGlobalSection
	GlobalSection(SolutionProperties) = preSolution
		HideSolutionNode = FALSE
	EndGlobalSection
	GlobalSection(ExtensibilityGlobals) = postSolution
		SolutionGuid = {369734E9-E2DF-4E43-B910-73BCDEBECCBF}
	EndGlobalSection
EndGlobal
